
Microsoft Visual Studio Solution File, Format Version 12.00
# Visual Studio Version 17
VisualStudioVersion = 17.3.32519.111
MinimumVisualStudioVersion = 10.0.40219.1
Project("{9A19103F-16F7-4668-BE54-9A1E7A4F7556}") = "ConsoleProject", "ConsoleProject\ConsoleProject.csproj", "{6CC551D3-DD6B-4B8F-81F4-B6DBB13BFCB5}"
EndProject
Project("{9A19103F-16F7-4668-BE54-9A1E7A4F7556}") = "DataAccessLibrary", "DataAccessLibrary\DataAccessLibrary.csproj", "{B4D8BE4B-CF6F-45DA-B0EA-DA65E2F829A6}"
EndProject
Project("{FAE04EC0-301F-11D3-BF4B-00C04F79EFBC}") = "WPFUI", "WPFUI\WPFUI.csproj", "{1E72B7E3-ACC6-4410-A948-6A670D2E8726}"
EndProject
Global
	GlobalSection(SolutionConfigurationPlatforms) = preSolution
		Debug|Any CPU = Debug|Any CPU
		Release|Any CPU = Release|Any CPU
	EndGlobalSection
	GlobalSection(ProjectConfigurationPlatforms) = postSolution
		{6CC551D3-DD6B-4B8F-81F4-B6DBB13BFCB5}.Debug|Any CPU.ActiveCfg = Debug|Any CPU
		{6CC551D3-DD6B-4B8F-81F4-B6DBB13BFCB5}.Debug|Any CPU.Build.0 = Debug|Any CPU
		{6CC551D3-DD6B-4B8F-81F4-B6DBB13BFCB5}.Release|Any CPU.ActiveCfg = Release|Any CPU
		{6CC551D3-DD6B-4B8F-81F4-B6DBB13BFCB5}.Release|Any CPU.Build.0 = Release|Any CPU
		{B4D8BE4B-CF6F-45DA-B0EA-DA65E2F829A6}.Debug|Any CPU.ActiveCfg = Debug|Any CPU
		{B4D8BE4B-CF6F-45DA-B0EA-DA65E2F829A6}.Debug|Any CPU.Build.0 = Debug|Any CPU
		{B4D8BE4B-CF6F-45DA-B0EA-DA65E2F829A6}.Release|Any CPU.ActiveCfg = Release|Any CPU
		{B4D8BE4B-CF6F-45DA-B0EA-DA65E2F829A6}.Release|Any CPU.Build.0 = Release|Any CPU
		{1E72B7E3-ACC6-4410-A948-6A670D2E8726}.Debug|Any CPU.ActiveCfg = Debug|Any CPU
		{1E72B7E3-ACC6-4410-A948-6A670D2E8726}.Debug|Any CPU.Build.0 = Debug|Any CPU
		{1E72B7E3-ACC6-4410-A948-6A670D2E8726}.Release|Any CPU.ActiveCfg = Release|Any CPU
		{1E72B7E3-ACC6-4410-A948-6A670D2E8726}.Release|Any CPU.Build.0 = Release|Any CPU
	EndGlobalSection
	GlobalSection(SolutionProperties) = preSolution
		HideSolutionNode = FALSE
	EndGlobalSection
	GlobalSection(ExtensibilityGlobals) = postSolution
		SolutionGuid = {3110F067-6680-4F61-96B4-83C253A2005A}
	EndGlobalSection
EndGlobal
